# This file is automatically @generated by Cargo.
# It is not intended for manual editing.
[[package]]
name = "aligned"
version = "0.2.0"
source = "registry+https://github.com/rust-lang/crates.io-index"

[[package]]
name = "aligned"
version = "0.3.1"
source = "registry+https://github.com/rust-lang/crates.io-index"
dependencies = [
 "as-slice 0.1.0 (registry+https://github.com/rust-lang/crates.io-index)",
]

[[package]]
name = "as-slice"
version = "0.1.0"
source = "registry+https://github.com/rust-lang/crates.io-index"
dependencies = [
 "generic-array 0.12.0 (registry+https://github.com/rust-lang/crates.io-index)",
 "stable_deref_trait 1.1.1 (registry+https://github.com/rust-lang/crates.io-index)",
]

[[package]]
name = "bare-metal"
version = "0.2.4"
source = "registry+https://github.com/rust-lang/crates.io-index"
dependencies = [
 "rustc_version 0.2.3 (registry+https://github.com/rust-lang/crates.io-index)",
]

[[package]]
name = "bitflags"
version = "1.1.0"
source = "registry+https://github.com/rust-lang/crates.io-index"

[[package]]
name = "bme280"
version = "0.1.1"
source = "registry+https://github.com/rust-lang/crates.io-index"
dependencies = [
 "embedded-hal 0.2.3 (registry+https://github.com/rust-lang/crates.io-index)",
]

[[package]]
name = "byteorder"
version = "1.3.2"
source = "registry+https://github.com/rust-lang/crates.io-index"

[[package]]
name = "cast"
version = "0.2.2"
source = "registry+https://github.com/rust-lang/crates.io-index"

[[package]]
name = "cortex-m"
version = "0.5.10"
source = "registry+https://github.com/rust-lang/crates.io-index"
dependencies = [
 "aligned 0.2.0 (registry+https://github.com/rust-lang/crates.io-index)",
 "bare-metal 0.2.4 (registry+https://github.com/rust-lang/crates.io-index)",
 "cortex-m 0.6.0 (registry+https://github.com/rust-lang/crates.io-index)",
 "volatile-register 0.2.0 (registry+https://github.com/rust-lang/crates.io-index)",
]

[[package]]
name = "cortex-m"
version = "0.6.0"
source = "registry+https://github.com/rust-lang/crates.io-index"
dependencies = [
 "aligned 0.3.1 (registry+https://github.com/rust-lang/crates.io-index)",
 "bare-metal 0.2.4 (registry+https://github.com/rust-lang/crates.io-index)",
 "volatile-register 0.2.0 (registry+https://github.com/rust-lang/crates.io-index)",
]

[[package]]
name = "cortex-m-rt"
version = "0.6.8"
source = "registry+https://github.com/rust-lang/crates.io-index"
dependencies = [
 "cortex-m-rt-macros 0.1.5 (registry+https://github.com/rust-lang/crates.io-index)",
 "r0 0.2.2 (registry+https://github.com/rust-lang/crates.io-index)",
]

[[package]]
name = "cortex-m-rt-macros"
version = "0.1.5"
source = "registry+https://github.com/rust-lang/crates.io-index"
dependencies = [
 "proc-macro2 0.4.30 (registry+https://github.com/rust-lang/crates.io-index)",
 "quote 0.6.12 (registry+https://github.com/rust-lang/crates.io-index)",
 "rand 0.5.6 (registry+https://github.com/rust-lang/crates.io-index)",
 "syn 0.15.36 (registry+https://github.com/rust-lang/crates.io-index)",
]

[[package]]
name = "cortex-m-rtfm"
version = "0.4.3"
source = "registry+https://github.com/rust-lang/crates.io-index"
dependencies = [
 "cortex-m 0.5.10 (registry+https://github.com/rust-lang/crates.io-index)",
 "cortex-m-rt 0.6.8 (registry+https://github.com/rust-lang/crates.io-index)",
 "cortex-m-rtfm-macros 0.4.3 (registry+https://github.com/rust-lang/crates.io-index)",
 "heapless 0.4.4 (registry+https://github.com/rust-lang/crates.io-index)",
 "owned-singleton 0.1.0 (registry+https://github.com/rust-lang/crates.io-index)",
]

[[package]]
name = "cortex-m-rtfm-macros"
version = "0.4.3"
source = "registry+https://github.com/rust-lang/crates.io-index"
dependencies = [
 "proc-macro2 0.4.30 (registry+https://github.com/rust-lang/crates.io-index)",
 "quote 0.6.12 (registry+https://github.com/rust-lang/crates.io-index)",
 "rand 0.5.6 (registry+https://github.com/rust-lang/crates.io-index)",
 "syn 0.15.36 (registry+https://github.com/rust-lang/crates.io-index)",
]

[[package]]
name = "cortex-m-semihosting"
version = "0.3.3"
source = "registry+https://github.com/rust-lang/crates.io-index"
dependencies = [
 "cortex-m 0.6.0 (registry+https://github.com/rust-lang/crates.io-index)",
]

[[package]]
name = "embedded-graphics"
version = "0.4.9"
source = "registry+https://github.com/rust-lang/crates.io-index"
dependencies = [
 "tinybmp 0.1.0 (registry+https://github.com/rust-lang/crates.io-index)",
 "tinytga 0.1.0 (registry+https://github.com/rust-lang/crates.io-index)",
]

[[package]]
name = "embedded-hal"
version = "0.2.3"
source = "registry+https://github.com/rust-lang/crates.io-index"
dependencies = [
 "nb 0.1.2 (registry+https://github.com/rust-lang/crates.io-index)",
 "void 1.0.2 (registry+https://github.com/rust-lang/crates.io-index)",
]

[[package]]
name = "epd-waveshare"
version = "0.3.2"
source = "registry+https://github.com/rust-lang/crates.io-index"
dependencies = [
 "embedded-graphics 0.4.9 (registry+https://github.com/rust-lang/crates.io-index)",
 "embedded-hal 0.2.3 (registry+https://github.com/rust-lang/crates.io-index)",
]

[[package]]
name = "generic-array"
version = "0.11.1"
source = "registry+https://github.com/rust-lang/crates.io-index"
dependencies = [
 "typenum 1.10.0 (registry+https://github.com/rust-lang/crates.io-index)",
]

[[package]]
name = "generic-array"
version = "0.12.0"
source = "registry+https://github.com/rust-lang/crates.io-index"
dependencies = [
 "typenum 1.10.0 (registry+https://github.com/rust-lang/crates.io-index)",
]

[[package]]
name = "hash32"
version = "0.1.0"
source = "registry+https://github.com/rust-lang/crates.io-index"
dependencies = [
 "byteorder 1.3.2 (registry+https://github.com/rust-lang/crates.io-index)",
]

[[package]]
name = "heapless"
version = "0.4.4"
source = "registry+https://github.com/rust-lang/crates.io-index"
dependencies = [
 "as-slice 0.1.0 (registry+https://github.com/rust-lang/crates.io-index)",
 "generic-array 0.11.1 (registry+https://github.com/rust-lang/crates.io-index)",
 "hash32 0.1.0 (registry+https://github.com/rust-lang/crates.io-index)",
]

[[package]]
name = "memchr"
version = "2.2.0"
source = "registry+https://github.com/rust-lang/crates.io-index"

[[package]]
name = "nb"
version = "0.1.2"
source = "registry+https://github.com/rust-lang/crates.io-index"

[[package]]
name = "nom"
version = "4.2.3"
source = "registry+https://github.com/rust-lang/crates.io-index"
dependencies = [
 "memchr 2.2.0 (registry+https://github.com/rust-lang/crates.io-index)",
 "version_check 0.1.5 (registry+https://github.com/rust-lang/crates.io-index)",
]

[[package]]
name = "owned-singleton"
version = "0.1.0"
source = "registry+https://github.com/rust-lang/crates.io-index"
dependencies = [
 "owned-singleton-macros 0.1.0 (registry+https://github.com/rust-lang/crates.io-index)",
 "stable_deref_trait 1.1.1 (registry+https://github.com/rust-lang/crates.io-index)",
]

[[package]]
name = "owned-singleton-macros"
version = "0.1.0"
source = "registry+https://github.com/rust-lang/crates.io-index"
dependencies = [
 "proc-macro2 0.4.30 (registry+https://github.com/rust-lang/crates.io-index)",
 "quote 0.6.12 (registry+https://github.com/rust-lang/crates.io-index)",
 "rand 0.5.6 (registry+https://github.com/rust-lang/crates.io-index)",
 "syn 0.15.36 (registry+https://github.com/rust-lang/crates.io-index)",
]

[[package]]
name = "panic-semihosting"
version = "0.5.2"
source = "registry+https://github.com/rust-lang/crates.io-index"
dependencies = [
 "cortex-m 0.6.0 (registry+https://github.com/rust-lang/crates.io-index)",
 "cortex-m-semihosting 0.3.3 (registry+https://github.com/rust-lang/crates.io-index)",
]

[[package]]
name = "portable"
version = "0.1.0"
dependencies = [
 "bitflags 1.1.0 (registry+https://github.com/rust-lang/crates.io-index)",
 "embedded-graphics 0.4.9 (registry+https://github.com/rust-lang/crates.io-index)",
 "embedded-hal 0.2.3 (registry+https://github.com/rust-lang/crates.io-index)",
 "epd-waveshare 0.3.2 (registry+https://github.com/rust-lang/crates.io-index)",
 "heapless 0.4.4 (registry+https://github.com/rust-lang/crates.io-index)",
]

[[package]]
name = "proc-macro2"
version = "0.4.30"
source = "registry+https://github.com/rust-lang/crates.io-index"
dependencies = [
 "unicode-xid 0.1.0 (registry+https://github.com/rust-lang/crates.io-index)",
]

[[package]]
name = "pwm-speaker"
version = "0.1.0"
source = "git+https://github.com/TeXitoi/pwm-speaker#7f299d74c22c893839030aef4845ce1780458289"
dependencies = [
 "cast 0.2.2 (registry+https://github.com/rust-lang/crates.io-index)",
 "cortex-m-rt 0.6.8 (registry+https://github.com/rust-lang/crates.io-index)",
 "stm32f1xx-hal 0.2.1 (registry+https://github.com/rust-lang/crates.io-index)",
]

[[package]]
name = "quote"
version = "0.6.12"
source = "registry+https://github.com/rust-lang/crates.io-index"
dependencies = [
 "proc-macro2 0.4.30 (registry+https://github.com/rust-lang/crates.io-index)",
]

[[package]]
name = "r0"
version = "0.2.2"
source = "registry+https://github.com/rust-lang/crates.io-index"

[[package]]
name = "rand"
version = "0.5.6"
source = "registry+https://github.com/rust-lang/crates.io-index"
dependencies = [
 "rand_core 0.3.1 (registry+https://github.com/rust-lang/crates.io-index)",
]

[[package]]
name = "rand_core"
version = "0.3.1"
source = "registry+https://github.com/rust-lang/crates.io-index"
dependencies = [
 "rand_core 0.4.0 (registry+https://github.com/rust-lang/crates.io-index)",
]

[[package]]
name = "rand_core"
version = "0.4.0"
source = "registry+https://github.com/rust-lang/crates.io-index"

[[package]]
name = "rustc_version"
version = "0.2.3"
source = "registry+https://github.com/rust-lang/crates.io-index"
dependencies = [
 "semver 0.9.0 (registry+https://github.com/rust-lang/crates.io-index)",
]

[[package]]
name = "rusty-clock"
version = "0.1.0"
dependencies = [
 "bme280 0.1.1 (registry+https://github.com/rust-lang/crates.io-index)",
 "cortex-m 0.5.10 (registry+https://github.com/rust-lang/crates.io-index)",
 "cortex-m-rtfm 0.4.3 (registry+https://github.com/rust-lang/crates.io-index)",
 "embedded-hal 0.2.3 (registry+https://github.com/rust-lang/crates.io-index)",
 "epd-waveshare 0.3.2 (registry+https://github.com/rust-lang/crates.io-index)",
 "panic-semihosting 0.5.2 (registry+https://github.com/rust-lang/crates.io-index)",
 "portable 0.1.0",
 "pwm-speaker 0.1.0 (git+https://github.com/TeXitoi/pwm-speaker)",
 "stm32f103xx-rtc 0.1.0 (git+https://github.com/TeXitoi/stm32f103xx-rtc)",
 "stm32f1xx-hal 0.2.1 (registry+https://github.com/rust-lang/crates.io-index)",
]

[[package]]
name = "semver"
version = "0.9.0"
source = "registry+https://github.com/rust-lang/crates.io-index"
dependencies = [
 "semver-parser 0.7.0 (registry+https://github.com/rust-lang/crates.io-index)",
]

[[package]]
name = "semver-parser"
version = "0.7.0"
source = "registry+https://github.com/rust-lang/crates.io-index"

[[package]]
name = "stable_deref_trait"
version = "1.1.1"
source = "registry+https://github.com/rust-lang/crates.io-index"

[[package]]
name = "stm32f1"
version = "0.6.0"
source = "registry+https://github.com/rust-lang/crates.io-index"
dependencies = [
 "bare-metal 0.2.4 (registry+https://github.com/rust-lang/crates.io-index)",
 "cortex-m 0.5.10 (registry+https://github.com/rust-lang/crates.io-index)",
 "cortex-m-rt 0.6.8 (registry+https://github.com/rust-lang/crates.io-index)",
 "vcell 0.1.0 (registry+https://github.com/rust-lang/crates.io-index)",
]

[[package]]
name = "stm32f103xx-rtc"
version = "0.1.0"
source = "git+https://github.com/TeXitoi/stm32f103xx-rtc#51d4aa97d6517b915a324abc61f959d11ff96ee0"
dependencies = [
 "stm32f1xx-hal 0.2.1 (registry+https://github.com/rust-lang/crates.io-index)",
]

[[package]]
name = "stm32f1xx-hal"
version = "0.2.1"
source = "registry+https://github.com/rust-lang/crates.io-index"
dependencies = [
 "cast 0.2.2 (registry+https://github.com/rust-lang/crates.io-index)",
 "cortex-m 0.5.10 (registry+https://github.com/rust-lang/crates.io-index)",
 "cortex-m-rt 0.6.8 (registry+https://github.com/rust-lang/crates.io-index)",
 "embedded-hal 0.2.3 (registry+https://github.com/rust-lang/crates.io-index)",
 "nb 0.1.2 (registry+https://github.com/rust-lang/crates.io-index)",
 "stm32f1 0.6.0 (registry+https://github.com/rust-lang/crates.io-index)",
 "void 1.0.2 (registry+https://github.com/rust-lang/crates.io-index)",
]

[[package]]
name = "syn"
version = "0.15.36"
source = "registry+https://github.com/rust-lang/crates.io-index"
dependencies = [
 "proc-macro2 0.4.30 (registry+https://github.com/rust-lang/crates.io-index)",
 "quote 0.6.12 (registry+https://github.com/rust-lang/crates.io-index)",
 "unicode-xid 0.1.0 (registry+https://github.com/rust-lang/crates.io-index)",
]

[[package]]
name = "tinybmp"
version = "0.1.0"
source = "registry+https://github.com/rust-lang/crates.io-index"
dependencies = [
 "nom 4.2.3 (registry+https://github.com/rust-lang/crates.io-index)",
]

[[package]]
name = "tinytga"
version = "0.1.0"
source = "registry+https://github.com/rust-lang/crates.io-index"
dependencies = [
 "nom 4.2.3 (registry+https://github.com/rust-lang/crates.io-index)",
]

[[package]]
name = "typenum"
version = "1.10.0"
source = "registry+https://github.com/rust-lang/crates.io-index"

[[package]]
name = "unicode-xid"
version = "0.1.0"
source = "registry+https://github.com/rust-lang/crates.io-index"

[[package]]
name = "vcell"
version = "0.1.0"
source = "registry+https://github.com/rust-lang/crates.io-index"

[[package]]
name = "version_check"
version = "0.1.5"
source = "registry+https://github.com/rust-lang/crates.io-index"

[[package]]
name = "void"
version = "1.0.2"
source = "registry+https://github.com/rust-lang/crates.io-index"

[[package]]
name = "volatile-register"
version = "0.2.0"
source = "registry+https://github.com/rust-lang/crates.io-index"
dependencies = [
 "vcell 0.1.0 (registry+https://github.com/rust-lang/crates.io-index)",
]

[metadata]
"checksum aligned 0.2.0 (registry+https://github.com/rust-lang/crates.io-index)" = "d39da9b88ae1a81c03c9c082b8db83f1d0e93914126041962af61034ab44c4a5"
"checksum aligned 0.3.1 (registry+https://github.com/rust-lang/crates.io-index)" = "d3a316c7ea8e1e9ece54862c992def5a7ac14de9f5832b69d71760680efeeefa"
"checksum as-slice 0.1.0 (registry+https://github.com/rust-lang/crates.io-index)" = "293dac66b274fab06f95e7efb05ec439a6b70136081ea522d270bc351ae5bb27"
"checksum bare-metal 0.2.4 (registry+https://github.com/rust-lang/crates.io-index)" = "a3caf393d93b2d453e80638d0674597020cef3382ada454faacd43d1a55a735a"
"checksum bitflags 1.1.0 (registry+https://github.com/rust-lang/crates.io-index)" = "3d155346769a6855b86399e9bc3814ab343cd3d62c7e985113d46a0ec3c281fd"
"checksum bme280 0.1.1 (registry+https://github.com/rust-lang/crates.io-index)" = "d168c341491c9ba4e2c73d59470c108a5961377c67061dc1796a193fa945b452"
"checksum byteorder 1.3.2 (registry+https://github.com/rust-lang/crates.io-index)" = "a7c3dd8985a7111efc5c80b44e23ecdd8c007de8ade3b96595387e812b957cf5"
"checksum cast 0.2.2 (registry+https://github.com/rust-lang/crates.io-index)" = "926013f2860c46252efceabb19f4a6b308197505082c609025aa6706c011d427"
"checksum cortex-m 0.5.10 (registry+https://github.com/rust-lang/crates.io-index)" = "3c0b159a1e8306949579de3698c841dba58058197b65c60807194e4fa1e7a554"
"checksum cortex-m 0.6.0 (registry+https://github.com/rust-lang/crates.io-index)" = "f3c18719fdc57db65668bfc977db9a0fa1a41d718c5d9cd4f652c9d4b0e0956a"
"checksum cortex-m-rt 0.6.8 (registry+https://github.com/rust-lang/crates.io-index)" = "7e1ccc9052352415ec4e3f762f4541098d012016f9354a1a5b2dede39b67f426"
"checksum cortex-m-rt-macros 0.1.5 (registry+https://github.com/rust-lang/crates.io-index)" = "d7ae692573e0acccb1579fef1abf5a5bf1d2f3f0149a22b16870ec9309aee25f"
"checksum cortex-m-rtfm 0.4.3 (registry+https://github.com/rust-lang/crates.io-index)" = "fb1d7afa5da773bf144e92e4ff886b4ed252e767e2cc729880fb55b515606bc1"
"checksum cortex-m-rtfm-macros 0.4.3 (registry+https://github.com/rust-lang/crates.io-index)" = "eb5caeeb7e8309eee746142f875b0edc125761ccaab2c6b991414e89ca58c444"
"checksum cortex-m-semihosting 0.3.3 (registry+https://github.com/rust-lang/crates.io-index)" = "165f3f86f4d1031351a6c9dc8d5a3f8fae2050f9dd6ef925e3d675c232cc0e46"
"checksum embedded-graphics 0.4.9 (registry+https://github.com/rust-lang/crates.io-index)" = "b2e7ee289ac88cbeea6f749cd72c6eb4cdeb801f4ea26795aace97b9776a2db2"
"checksum embedded-hal 0.2.3 (registry+https://github.com/rust-lang/crates.io-index)" = "ee4908a155094da7723c2d60d617b820061e3b4efcc3d9e293d206a5a76c170b"
"checksum epd-waveshare 0.3.2 (registry+https://github.com/rust-lang/crates.io-index)" = "f5238d78b3e3c71a87adfed562a7004a9e018a723e93bf12d818be31ad4ad28f"
"checksum generic-array 0.11.1 (registry+https://github.com/rust-lang/crates.io-index)" = "8107dafa78c80c848b71b60133954b4a58609a3a1a5f9af037ecc7f67280f369"
"checksum generic-array 0.12.0 (registry+https://github.com/rust-lang/crates.io-index)" = "3c0f28c2f5bfb5960175af447a2da7c18900693738343dc896ffbcabd9839592"
"checksum hash32 0.1.0 (registry+https://github.com/rust-lang/crates.io-index)" = "12d790435639c06a7b798af9e1e331ae245b7ef915b92f70a39b4cf8c00686af"
"checksum heapless 0.4.4 (registry+https://github.com/rust-lang/crates.io-index)" = "e1ae80bbc62401ae8096976857172507cadbd2200f36670e5144634360a05959"
"checksum memchr 2.2.0 (registry+https://github.com/rust-lang/crates.io-index)" = "2efc7bc57c883d4a4d6e3246905283d8dae951bb3bd32f49d6ef297f546e1c39"
"checksum nb 0.1.2 (registry+https://github.com/rust-lang/crates.io-index)" = "b1411551beb3c11dedfb0a90a0fa256b47d28b9ec2cdff34c25a2fa59e45dbdc"
"checksum nom 4.2.3 (registry+https://github.com/rust-lang/crates.io-index)" = "2ad2a91a8e869eeb30b9cb3119ae87773a8f4ae617f41b1eb9c154b2905f7bd6"
"checksum owned-singleton 0.1.0 (registry+https://github.com/rust-lang/crates.io-index)" = "21aa378869c97c7db706a4c576cf0ce8258dc7e0e1ad25a97ee5aba1fd4eed83"
"checksum owned-singleton-macros 0.1.0 (registry+https://github.com/rust-lang/crates.io-index)" = "8d5c2ac071b95017bf70a5b607037fb0ef4abfa663fdf6cac8fbf36af9756ee3"
"checksum panic-semihosting 0.5.2 (registry+https://github.com/rust-lang/crates.io-index)" = "97cfb37c1d3b5f0cc18bf14485018cccd13bdd24f7b5bfd456c1d8760afef824"
"checksum proc-macro2 0.4.30 (registry+https://github.com/rust-lang/crates.io-index)" = "cf3d2011ab5c909338f7887f4fc896d35932e29146c12c8d01da6b22a80ba759"
"checksum pwm-speaker 0.1.0 (git+https://github.com/TeXitoi/pwm-speaker)" = "<none>"
"checksum quote 0.6.12 (registry+https://github.com/rust-lang/crates.io-index)" = "faf4799c5d274f3868a4aae320a0a182cbd2baee377b378f080e16a23e9d80db"
"checksum r0 0.2.2 (registry+https://github.com/rust-lang/crates.io-index)" = "e2a38df5b15c8d5c7e8654189744d8e396bddc18ad48041a500ce52d6948941f"
"checksum rand 0.5.6 (registry+https://github.com/rust-lang/crates.io-index)" = "c618c47cd3ebd209790115ab837de41425723956ad3ce2e6a7f09890947cacb9"
"checksum rand_core 0.3.1 (registry+https://github.com/rust-lang/crates.io-index)" = "7a6fdeb83b075e8266dcc8762c22776f6877a63111121f5f8c7411e5be7eed4b"
"checksum rand_core 0.4.0 (registry+https://github.com/rust-lang/crates.io-index)" = "d0e7a549d590831370895ab7ba4ea0c1b6b011d106b5ff2da6eee112615e6dc0"
"checksum rustc_version 0.2.3 (registry+https://github.com/rust-lang/crates.io-index)" = "138e3e0acb6c9fb258b19b67cb8abd63c00679d2851805ea151465464fe9030a"
"checksum semver 0.9.0 (registry+https://github.com/rust-lang/crates.io-index)" = "1d7eb9ef2c18661902cc47e535f9bc51b78acd254da71d375c2f6720d9a40403"
"checksum semver-parser 0.7.0 (registry+https://github.com/rust-lang/crates.io-index)" = "388a1df253eca08550bef6c72392cfe7c30914bf41df5269b68cbd6ff8f570a3"
"checksum stable_deref_trait 1.1.1 (registry+https://github.com/rust-lang/crates.io-index)" = "dba1a27d3efae4351c8051072d619e3ade2820635c3958d826bfea39d59b54c8"
"checksum stm32f1 0.6.0 (registry+https://github.com/rust-lang/crates.io-index)" = "5c9a197094ef680c79c5018701f0c03f0dc673cbf4a0df944371d3f83c71161d"
"checksum stm32f103xx-rtc 0.1.0 (git+https://github.com/TeXitoi/stm32f103xx-rtc)" = "<none>"
"checksum stm32f1xx-hal 0.2.1 (registry+https://github.com/rust-lang/crates.io-index)" = "c69099c8ceba8a0279cb8c028c5a2dd1effc7bf5031e511335ba06d3660ff82f"
"checksum syn 0.15.36 (registry+https://github.com/rust-lang/crates.io-index)" = "8b4f551a91e2e3848aeef8751d0d4eec9489b6474c720fd4c55958d8d31a430c"
"checksum tinybmp 0.1.0 (registry+https://github.com/rust-lang/crates.io-index)" = "503e3fde7e36b1aa2345af8a3af0086c9b01d9db07b24f3fb0aab07316b9fa10"
"checksum tinytga 0.1.0 (registry+https://github.com/rust-lang/crates.io-index)" = "dc9485052c1f4b541d888f1d564dd9957671e0c21da9bca0c9824c1123e03f07"
"checksum typenum 1.10.0 (registry+https://github.com/rust-lang/crates.io-index)" = "612d636f949607bdf9b123b4a6f6d966dedf3ff669f7f045890d3a4a73948169"
"checksum unicode-xid 0.1.0 (registry+https://github.com/rust-lang/crates.io-index)" = "fc72304796d0818e357ead4e000d19c9c174ab23dc11093ac919054d20a6a7fc"
"checksum vcell 0.1.0 (registry+https://github.com/rust-lang/crates.io-index)" = "45c297f0afb6928cd08ab1ff9d95e99392595ea25ae1b5ecf822ff8764e57a0d"
"checksum version_check 0.1.5 (registry+https://github.com/rust-lang/crates.io-index)" = "914b1a6776c4c929a602fafd8bc742e06365d4bcbe48c30f9cca5824f70dc9dd"
"checksum void 1.0.2 (registry+https://github.com/rust-lang/crates.io-index)" = "6a02e4885ed3bc0f2de90ea6dd45ebcbb66dacffe03547fadbb0eeae2770887d"
"checksum volatile-register 0.2.0 (registry+https://github.com/rust-lang/crates.io-index)" = "0d67cb4616d99b940db1d6bd28844ff97108b498a6ca850e5b6191a532063286"
